
Microsoft Visual Studio Solution File, Format Version 12.00
# Visual Studio Version 16
VisualStudioVersion = 16.0.31129.286
MinimumVisualStudioVersion = 10.0.40219.1
Project("{2150E333-8FDC-42A3-9474-1A3956D46DE8}") = "Lecture2", "Lecture2", "{02FD3DAC-AA3C-41D8-86FF-8AE05DC5B9F0}"
EndProject
Project("{2150E333-8FDC-42A3-9474-1A3956D46DE8}") = "[01] Biginner", "[01] Biginner", "{BBC3837C-5486-4B81-92F4-2ADAE8696667}"
EndProject
Project("{2150E333-8FDC-42A3-9474-1A3956D46DE8}") = "[02] Intermediate", "[02] Intermediate", "{B3430C43-00B8-443C-A7C2-DCF639AEADD1}"
EndProject
Project("{8BC9CEB8-8B4A-11D0-8D11-00A0C91BC942}") = "HelloCUDA", "VS2019\Beginner_Class\Lecture2\HelloCUDA\HelloCUDA.vcxproj", "{BA53C378-6655-4971-9882-228D1803A0CD}"
EndProject
Project("{2150E333-8FDC-42A3-9474-1A3956D46DE8}") = "Lecture3", "Lecture3", "{7319CF7B-2B59-4D0D-9025-283362C34242}"
EndProject
Project("{8BC9CEB8-8B4A-11D0-8D11-00A0C91BC942}") = "VectorSum", "VS2019\Beginner_Class\Lecture3\VectorSum\VectorSum.vcxproj", "{F9FFB1CF-216A-4162-8BC3-5486D7CF6E49}"
EndProject
Project("{2150E333-8FDC-42A3-9474-1A3956D46DE8}") = "Lecture4", "Lecture4", "{0C5AA70F-C521-45CC-89EB-B9FC5B82370A}"
EndProject
Project("{8BC9CEB8-8B4A-11D0-8D11-00A0C91BC942}") = "CheckDim", "VS2019\Beginner_Class\Lecture4\CheckDim\CheckDim.vcxproj", "{2DCA5438-73C6-442C-98E0-82078A0CE49B}"
EndProject
Project("{2150E333-8FDC-42A3-9474-1A3956D46DE8}") = "Lecture5", "Lecture5", "{694AE413-7EF6-4E09-A6FB-F0DB09C6C958}"
EndProject
Project("{8BC9CEB8-8B4A-11D0-8D11-00A0C91BC942}") = "VectorSum_largeVector", "VS2019\Beginner_Class\Lecture5\VectorSum_largeVector\VectorSum_largeVector.vcxproj", "{F7C0847C-FB6E-4EEA-9F41-6496E6A9D1D1}"
EndProject
Project("{8BC9CEB8-8B4A-11D0-8D11-00A0C91BC942}") = "MatrixAdd_2D_index", "VS2019\Beginner_Class\Lecture5\MatrixAdd_2D_index\MatrixAdd_2D_index.vcxproj", "{847E94AE-AF96-4A3B-A751-FC11A7D5E0B9}"
EndProject
Project("{2150E333-8FDC-42A3-9474-1A3956D46DE8}") = "Lecture6", "Lecture6", "{CE6F28BA-60F6-4E0E-ACA0-D6D96E0B0351}"
EndProject
Project("{2150E333-8FDC-42A3-9474-1A3956D46DE8}") = "Lecture7", "Lecture7", "{02359BC0-0118-4B16-B441-36814F5E71BB}"
EndProject
Project("{2150E333-8FDC-42A3-9474-1A3956D46DE8}") = "Lecture8", "Lecture8", "{94C2BE3E-F051-43B9-9C46-C56D1D2D5B0D}"
EndProject
Project("{8BC9CEB8-8B4A-11D0-8D11-00A0C91BC942}") = "MatAdd_LargeMatrix", "VS2019\Beginner_Class\Lecture6\MatAdd_LargeMatrix\MatAdd_LargeMatrix.vcxproj", "{9D888272-7A7A-4696-92CF-4AAD7B154C99}"
EndProject
Project("{8BC9CEB8-8B4A-11D0-8D11-00A0C91BC942}") = "MatAdd_skeleton", "VS2019\Beginner_Class\Lecture6\MatAdd_skeleton\MatAdd_skeleton.vcxproj", "{3EFA4D0E-3D17-4785-AC1A-DA9CE3CD7E2B}"
EndProject
Project("{8BC9CEB8-8B4A-11D0-8D11-00A0C91BC942}") = "MatMul", "VS2019\Beginner_Class\Lecture8\MatMul\MatMul.vcxproj", "{C31908B4-9BAE-4D01-8CA0-EEB093C487C7}"
EndProject
Project("{2150E333-8FDC-42A3-9474-1A3956D46DE8}") = "Lecture3", "Lecture3", "{4CC9CC64-4526-4233-9BC9-1F8651604DE0}"
EndProject
Project("{8BC9CEB8-8B4A-11D0-8D11-00A0C91BC942}") = "MatMul_small_Shared", "VS2019\Intermediate_Class\Lecture3\MatMul_small_Shared\MatMul_small_Shared.vcxproj", "{3541CE5D-897E-43DB-8CDB-CA6E865705A5}"
EndProject
Project("{2150E333-8FDC-42A3-9474-1A3956D46DE8}") = "Lecture4", "Lecture4", "{FF3FE1FF-AC94-4E2C-9C52-FD2318512EE2}"
EndProject
Project("{8BC9CEB8-8B4A-11D0-8D11-00A0C91BC942}") = "MatMul_sharedMem", "VS2019\Intermediate_Class\Lecture4\MatMul_sharedMem\MatMul_sharedMem.vcxproj", "{22D65404-3842-48CD-BCA3-FABACECE205F}"
EndProject
Project("{2150E333-8FDC-42A3-9474-1A3956D46DE8}") = "Lecture5", "Lecture5", "{EF9A42B1-29F7-4349-827D-08B3B5D95ECA}"
EndProject
Project("{8BC9CEB8-8B4A-11D0-8D11-00A0C91BC942}") = "MatMul_MemAccessPattern", "VS2019\Intermediate_Class\Lecture5\MatMul_MemAccessPattern\MatMul_MemAccessPattern.vcxproj", "{78E9C712-3A19-4402-A9F6-50A621258682}"
EndProject
Project("{8BC9CEB8-8B4A-11D0-8D11-00A0C91BC942}") = "MatMul_bank_conflict", "VS2019\Intermediate_Class\Lecture5\MatMul_bank_conflict\MatMul_bank_conflict.vcxproj", "{8D608736-D0A2-4D23-BED7-641B87D5F4C1}"
EndProject
Project("{2150E333-8FDC-42A3-9474-1A3956D46DE8}") = "Lecture6", "Lecture6", "{3DEBB45B-FF8B-4776-BFF5-D68A48058E79}"
EndProject
Project("{8BC9CEB8-8B4A-11D0-8D11-00A0C91BC942}") = "ThreadCounting_AtomicOp", "VS2019\Intermediate_Class\Lecture6\ThreadCounting_AtomicOp\ThreadCounting_AtomicOp.vcxproj", "{E36C456D-0161-426E-B305-E119C40B480F}"
EndProject
Project("{2150E333-8FDC-42A3-9474-1A3956D46DE8}") = "Lecture7", "Lecture7", "{8C2E78EF-0AF9-4AD6-B1E3-2A3BB7DB2798}"
EndProject
Project("{8BC9CEB8-8B4A-11D0-8D11-00A0C91BC942}") = "Stream", "VS2019\Intermediate_Class\Lecture7\Stream\Stream.vcxproj", "{AFD873F0-6742-40CC-A371-FFB188BC1AC1}"
EndProject
Project("{2150E333-8FDC-42A3-9474-1A3956D46DE8}") = "Lecture8", "Lecture8", "{40E3E314-3859-4C01-BCD7-331540F33D08}"
EndProject
Project("{8BC9CEB8-8B4A-11D0-8D11-00A0C91BC942}") = "DeviceQuery", "VS2019\Intermediate_Class\Lecture8\DeviceQuery\DeviceQuery.vcxproj", "{6A292A04-DE61-425A-832A-81BAD9E73C6C}"
EndProject
Project("{8BC9CEB8-8B4A-11D0-8D11-00A0C91BC942}") = "CUDA_Event", "VS2019\Intermediate_Class\Lecture8\CUDA_Event\CUDA_Event.vcxproj", "{2E2C2276-BEE7-4C17-9A9F-7B7D1426CE9C}"
EndProject
Project("{8BC9CEB8-8B4A-11D0-8D11-00A0C91BC942}") = "HetergeneousComputing", "VS2019\Intermediate_Class\Lecture8\HetergeneousComputing\HetergeneousComputing.vcxproj", "{0DF2DE5C-951E-458B-B8C3-137B7FF0D43F}"
EndProject
Project("{2150E333-8FDC-42A3-9474-1A3956D46DE8}") = "[10] Book_BJ", "[10] Book_BJ", "{5C5F8058-87FE-4819-9109-A071CD239ED0}"
EndProject
Project("{2150E333-8FDC-42A3-9474-1A3956D46DE8}") = "Chap3", "Chap3", "{B585C612-C301-4016-ACD5-92A0780520D0}"
EndProject
Project("{2150E333-8FDC-42A3-9474-1A3956D46DE8}") = "Chap2", "Chap2", "{8DF863BE-C808-40ED-80CD-7389BA811A47}"
EndProject
Project("{8BC9CEB8-8B4A-11D0-8D11-00A0C91BC942}") = "2_1_HelloCUDA", "VS2019\Book_BJ\Chap2\2_1_HelloCUDA\2_1_HelloCUDA.vcxproj", "{3E767B30-A0A2-4CF1-9BA2-AED9872A0B09}"
EndProject
Project("{8BC9CEB8-8B4A-11D0-8D11-00A0C91BC942}") = "3_1_cudaMalloc", "VS2019\Book_BJ\Chap3\3_1_cudaMalloc\3_1_cudaMalloc.vcxproj", "{9C75E8B9-1EA0-4383-BA46-4DED30D2FA9C}"
EndProject
Project("{8BC9CEB8-8B4A-11D0-8D11-00A0C91BC942}") = "3_2_deviceMemory", "VS2019\Book_BJ\Chap3\3_2_deviceMemory\3_2_deviceMemory.vcxproj", "{4E4E04DA-F723-433F-BD30-518DAD37395D}"
EndProject
Project("{8BC9CEB8-8B4A-11D0-8D11-00A0C91BC942}") = "3_3_cudaMemcpy", "VS2019\Book_BJ\Chap3\3_3_cudaMemcpy\3_3_cudaMemcpy.vcxproj", "{DD48244F-8370-46CA-912E-FC92C85F07E5}"
EndProject
Project("{8BC9CEB8-8B4A-11D0-8D11-00A0C91BC942}") = "3_4_vecAdd_Host", "VS2019\Book_BJ\Chap3\3_4_vecAdd_Host\3_4_vecAdd_Host.vcxproj", "{AD6E1CE9-9919-46FD-84DF-FFA86B992E55}"
EndProject
Project("{8BC9CEB8-8B4A-11D0-8D11-00A0C91BC942}") = "3_5_vecAdd_CUDA", "VS2019\Book_BJ\Chap3\3_5_vecAdd_CUDA\3_5_vecAdd_CUDA.vcxproj", "{DC0760F0-246D-4B14-92A9-47C3986D73E6}"
EndProject
Project("{8BC9CEB8-8B4A-11D0-8D11-00A0C91BC942}") = "3_6_vecAdd_CUDA_Time", "VS2019\Book_BJ\Chap3\3_6_vecAdd_CUDA_Time\3_6_vecAdd_CUDA_Time.vcxproj", "{CA30DC46-2F52-4DA1-8A84-8B1EF1795F80}"
EndProject
Project("{2150E333-8FDC-42A3-9474-1A3956D46DE8}") = "Chap4", "Chap4", "{1AF0E1B9-8D38-459C-A58C-8C9C282E955B}"
EndProject
Project("{8BC9CEB8-8B4A-11D0-8D11-00A0C91BC942}") = "4_1_checkDim", "VS2019\Book_BJ\Chap4\4_1_checkDim\4_1_checkDim.vcxproj", "{7FAB5DE2-14DA-47F9-90BD-7EA3B3FB5F2E}"
EndProject
Project("{2150E333-8FDC-42A3-9474-1A3956D46DE8}") = "Chap5", "Chap5", "{6284B257-3B6A-4572-9D8A-BFEE62FFE550}"
EndProject
Project("{8BC9CEB8-8B4A-11D0-8D11-00A0C91BC942}") = "5_1_VecAdd_large", "VS2019\Book_BJ\Chap5\5_1_VecAdd_large\5_1_VecAdd_large.vcxproj", "{C7187DE4-E601-46D5-B0BD-ABCA2E22093A}"
EndProject
Project("{2150E333-8FDC-42A3-9474-1A3956D46DE8}") = "Etc", "Etc", "{508A9370-A16D-4217-B725-00AF4B5EFB64}"
EndProject
Project("{2150E333-8FDC-42A3-9474-1A3956D46DE8}") = "BigWar", "BigWar", "{FD5407A3-F41B-41D7-BB31-7CFE5D8743AC}"
EndProject
Project("{8BC9CEB8-8B4A-11D0-8D11-00A0C91BC942}") = "ArmyGenerator", "VS2019\Etc\BigWar\ArmyGenerator\ArmyGenerator.vcxproj", "{95835036-A060-42F9-894B-080080AFBBFD}"
EndProject
Project("{2150E333-8FDC-42A3-9474-1A3956D46DE8}") = "Common", "Common", "{CB372ADB-45B3-4153-912E-3D0B5ED4D9C7}"
	ProjectSection(SolutionItems) = preProject
		Etc\BigWar\Common\BigWar.h = Etc\BigWar\Common\BigWar.h
	EndProjectSection
EndProject
Project("{8BC9CEB8-8B4A-11D0-8D11-00A0C91BC942}") = "SerialAlgorithm", "VS2019\Etc\BigWar\SerialAlgorithm\SerialAlgorithm.vcxproj", "{69440CBA-7CBF-48F6-BF71-03199EB704DB}"
EndProject
Project("{8BC9CEB8-8B4A-11D0-8D11-00A0C91BC942}") = "Skeleton", "VS2019\Etc\BigWar\Skeleton\Skeleton.vcxproj", "{088A75C3-B8E9-41B3-9C8D-D1A787D65BB3}"
EndProject
Project("{8BC9CEB8-8B4A-11D0-8D11-00A0C91BC942}") = "5_2_MatAdd_2D_index", "VS2019\Book_BJ\Chap5\5_2_MatAdd_2D_index\5_2_MatAdd_2D_index.vcxproj", "{42A49171-4409-425B-96E2-A3E961EF7300}"
EndProject
Project("{2150E333-8FDC-42A3-9474-1A3956D46DE8}") = "Common", "Common", "{2AD07EAA-E968-46AA-86C3-C656C00D42D9}"
	ProjectSection(SolutionItems) = preProject
		Book_BJ\Common\CUDA_definitions.cuh = Book_BJ\Common\CUDA_definitions.cuh
	EndProjectSection
EndProject
Project("{8BC9CEB8-8B4A-11D0-8D11-00A0C91BC942}") = "5_3_LargeMatrix_Add_skeleton", "VS2019\Book_BJ\Chap5\5_3_LargeMatrix_Add_skeleton\5_3_LargeMatrix_Add_skeleton.vcxproj", "{3F22593B-15EF-44F7-8C7F-072917071C12}"
EndProject
Project("{8BC9CEB8-8B4A-11D0-8D11-00A0C91BC942}") = "5_3_LargeMatrix_Add", "VS2019\Book_BJ\Chap5\5_3_LargeMatrix_Add\5_3_LargeMatrix_Add.vcxproj", "{B2CF0086-8E0B-4521-A35A-444D8B8C1838}"
EndProject
Project("{2150E333-8FDC-42A3-9474-1A3956D46DE8}") = "Chap6", "Chap6", "{208D3A61-229D-4AC6-82D1-027F2D658FC3}"
EndProject
Project("{8BC9CEB8-8B4A-11D0-8D11-00A0C91BC942}") = "6_1_Warp_Divergence", "VS2019\Book_BJ\Chap6\6_1_Warp_Divergence\6_1_Warp_Divergence.vcxproj", "{BB24CF96-9284-47A2-8EC6-1F4A85FF851C}"
EndProject
Project("{8BC9CEB8-8B4A-11D0-8D11-00A0C91BC942}") = "6_2_DeviceQuery", "VS2019\Book_BJ\Chap6\6_2_DeviceQuery\6_2_DeviceQuery.vcxproj", "{5A3D20B2-2721-44D9-A503-59F1F8D436DB}"
EndProject
Project("{2150E333-8FDC-42A3-9474-1A3956D46DE8}") = "Chap7", "Chap7", "{22BB22CD-6E6A-46AE-85AE-152CEE78753E}"
EndProject
Project("{8BC9CEB8-8B4A-11D0-8D11-00A0C91BC942}") = "7_1_MatMul_skeleton", "VS2019\Book_BJ\Chap7\7_1_MatMul_skeleton\7_1_MatMul_skeleton.vcxproj", "{BC3E162D-6B58-4172-8026-F0D3F15308DC}"
EndProject
Project("{8BC9CEB8-8B4A-11D0-8D11-00A0C91BC942}") = "7_4_MatMul", "VS2019\Book_BJ\Chap7\7_4_MatMul\7_4_MatMul.vcxproj", "{479E926C-CACE-41AA-9930-C89693181533}"
EndProject
Project("{2150E333-8FDC-42A3-9474-1A3956D46DE8}") = "Chap9", "Chap9", "{85D65ED0-1301-4A36-A391-938C22BC6F81}"
EndProject
Global
	GlobalSection(SolutionConfigurationPlatforms) = preSolution
		Debug|x64 = Debug|x64
		Debug|x86 = Debug|x86
		Release|x64 = Release|x64
		Release|x86 = Release|x86
	EndGlobalSection
	GlobalSection(ProjectConfigurationPlatforms) = postSolution
		{BA53C378-6655-4971-9882-228D1803A0CD}.Debug|x64.ActiveCfg = Debug|x64
		{BA53C378-6655-4971-9882-228D1803A0CD}.Debug|x64.Build.0 = Debug|x64
		{BA53C378-6655-4971-9882-228D1803A0CD}.Debug|x86.ActiveCfg = Debug|x64
		{BA53C378-6655-4971-9882-228D1803A0CD}.Release|x64.ActiveCfg = Release|x64
		{BA53C378-6655-4971-9882-228D1803A0CD}.Release|x64.Build.0 = Release|x64
		{BA53C378-6655-4971-9882-228D1803A0CD}.Release|x86.ActiveCfg = Release|x64
		{F9FFB1CF-216A-4162-8BC3-5486D7CF6E49}.Debug|x64.ActiveCfg = Debug|x64
		{F9FFB1CF-216A-4162-8BC3-5486D7CF6E49}.Debug|x64.Build.0 = Debug|x64
		{F9FFB1CF-216A-4162-8BC3-5486D7CF6E49}.Debug|x86.ActiveCfg = Debug|Win32
		{F9FFB1CF-216A-4162-8BC3-5486D7CF6E49}.Debug|x86.Build.0 = Debug|Win32
		{F9FFB1CF-216A-4162-8BC3-5486D7CF6E49}.Release|x64.ActiveCfg = Release|x64
		{F9FFB1CF-216A-4162-8BC3-5486D7CF6E49}.Release|x64.Build.0 = Release|x64
		{F9FFB1CF-216A-4162-8BC3-5486D7CF6E49}.Release|x86.ActiveCfg = Release|Win32
		{F9FFB1CF-216A-4162-8BC3-5486D7CF6E49}.Release|x86.Build.0 = Release|Win32
		{2DCA5438-73C6-442C-98E0-82078A0CE49B}.Debug|x64.ActiveCfg = Debug|x64
		{2DCA5438-73C6-442C-98E0-82078A0CE49B}.Debug|x64.Build.0 = Debug|x64
		{2DCA5438-73C6-442C-98E0-82078A0CE49B}.Debug|x86.ActiveCfg = Debug|Win32
		{2DCA5438-73C6-442C-98E0-82078A0CE49B}.Debug|x86.Build.0 = Debug|Win32
		{2DCA5438-73C6-442C-98E0-82078A0CE49B}.Release|x64.ActiveCfg = Release|x64
		{2DCA5438-73C6-442C-98E0-82078A0CE49B}.Release|x64.Build.0 = Release|x64
		{2DCA5438-73C6-442C-98E0-82078A0CE49B}.Release|x86.ActiveCfg = Release|Win32
		{2DCA5438-73C6-442C-98E0-82078A0CE49B}.Release|x86.Build.0 = Release|Win32
		{F7C0847C-FB6E-4EEA-9F41-6496E6A9D1D1}.Debug|x64.ActiveCfg = Debug|x64
		{F7C0847C-FB6E-4EEA-9F41-6496E6A9D1D1}.Debug|x64.Build.0 = Debug|x64
		{F7C0847C-FB6E-4EEA-9F41-6496E6A9D1D1}.Debug|x86.ActiveCfg = Debug|x64
		{F7C0847C-FB6E-4EEA-9F41-6496E6A9D1D1}.Release|x64.ActiveCfg = Release|x64
		{F7C0847C-FB6E-4EEA-9F41-6496E6A9D1D1}.Release|x64.Build.0 = Release|x64
		{F7C0847C-FB6E-4EEA-9F41-6496E6A9D1D1}.Release|x86.ActiveCfg = Release|x64
		{847E94AE-AF96-4A3B-A751-FC11A7D5E0B9}.Debug|x64.ActiveCfg = Debug|x64
		{847E94AE-AF96-4A3B-A751-FC11A7D5E0B9}.Debug|x64.Build.0 = Debug|x64
		{847E94AE-AF96-4A3B-A751-FC11A7D5E0B9}.Debug|x86.ActiveCfg = Debug|x64
		{847E94AE-AF96-4A3B-A751-FC11A7D5E0B9}.Release|x64.ActiveCfg = Release|x64
		{847E94AE-AF96-4A3B-A751-FC11A7D5E0B9}.Release|x64.Build.0 = Release|x64
		{847E94AE-AF96-4A3B-A751-FC11A7D5E0B9}.Release|x86.ActiveCfg = Release|x64
		{9D888272-7A7A-4696-92CF-4AAD7B154C99}.Debug|x64.ActiveCfg = Debug|x64
		{9D888272-7A7A-4696-92CF-4AAD7B154C99}.Debug|x64.Build.0 = Debug|x64
		{9D888272-7A7A-4696-92CF-4AAD7B154C99}.Debug|x86.ActiveCfg = Debug|Win32
		{9D888272-7A7A-4696-92CF-4AAD7B154C99}.Debug|x86.Build.0 = Debug|Win32
		{9D888272-7A7A-4696-92CF-4AAD7B154C99}.Release|x64.ActiveCfg = Release|x64
		{9D888272-7A7A-4696-92CF-4AAD7B154C99}.Release|x64.Build.0 = Release|x64
		{9D888272-7A7A-4696-92CF-4AAD7B154C99}.Release|x86.ActiveCfg = Release|Win32
		{9D888272-7A7A-4696-92CF-4AAD7B154C99}.Release|x86.Build.0 = Release|Win32
		{3EFA4D0E-3D17-4785-AC1A-DA9CE3CD7E2B}.Debug|x64.ActiveCfg = Debug|x64
		{3EFA4D0E-3D17-4785-AC1A-DA9CE3CD7E2B}.Debug|x64.Build.0 = Debug|x64
		{3EFA4D0E-3D17-4785-AC1A-DA9CE3CD7E2B}.Debug|x86.ActiveCfg = Debug|Win32
		{3EFA4D0E-3D17-4785-AC1A-DA9CE3CD7E2B}.Debug|x86.Build.0 = Debug|Win32
		{3EFA4D0E-3D17-4785-AC1A-DA9CE3CD7E2B}.Release|x64.ActiveCfg = Release|x64
		{3EFA4D0E-3D17-4785-AC1A-DA9CE3CD7E2B}.Release|x64.Build.0 = Release|x64
		{3EFA4D0E-3D17-4785-AC1A-DA9CE3CD7E2B}.Release|x86.ActiveCfg = Release|Win32
		{3EFA4D0E-3D17-4785-AC1A-DA9CE3CD7E2B}.Release|x86.Build.0 = Release|Win32
		{C31908B4-9BAE-4D01-8CA0-EEB093C487C7}.Debug|x64.ActiveCfg = Debug|x64
		{C31908B4-9BAE-4D01-8CA0-EEB093C487C7}.Debug|x64.Build.0 = Debug|x64
		{C31908B4-9BAE-4D01-8CA0-EEB093C487C7}.Debug|x86.ActiveCfg = Debug|Win32
		{C31908B4-9BAE-4D01-8CA0-EEB093C487C7}.Debug|x86.Build.0 = Debug|Win32
		{C31908B4-9BAE-4D01-8CA0-EEB093C487C7}.Release|x64.ActiveCfg = Release|x64
		{C31908B4-9BAE-4D01-8CA0-EEB093C487C7}.Release|x64.Build.0 = Release|x64
		{C31908B4-9BAE-4D01-8CA0-EEB093C487C7}.Release|x86.ActiveCfg = Release|Win32
		{C31908B4-9BAE-4D01-8CA0-EEB093C487C7}.Release|x86.Build.0 = Release|Win32
		{3541CE5D-897E-43DB-8CDB-CA6E865705A5}.Debug|x64.ActiveCfg = Debug|x64
		{3541CE5D-897E-43DB-8CDB-CA6E865705A5}.Debug|x64.Build.0 = Debug|x64
		{3541CE5D-897E-43DB-8CDB-CA6E865705A5}.Debug|x86.ActiveCfg = Debug|Win32
		{3541CE5D-897E-43DB-8CDB-CA6E865705A5}.Debug|x86.Build.0 = Debug|Win32
		{3541CE5D-897E-43DB-8CDB-CA6E865705A5}.Release|x64.ActiveCfg = Release|x64
		{3541CE5D-897E-43DB-8CDB-CA6E865705A5}.Release|x64.Build.0 = Release|x64
		{3541CE5D-897E-43DB-8CDB-CA6E865705A5}.Release|x86.ActiveCfg = Release|Win32
		{3541CE5D-897E-43DB-8CDB-CA6E865705A5}.Release|x86.Build.0 = Release|Win32
		{22D65404-3842-48CD-BCA3-FABACECE205F}.Debug|x64.ActiveCfg = Debug|x64
		{22D65404-3842-48CD-BCA3-FABACECE205F}.Debug|x64.Build.0 = Debug|x64
		{22D65404-3842-48CD-BCA3-FABACECE205F}.Debug|x86.ActiveCfg = Debug|Win32
		{22D65404-3842-48CD-BCA3-FABACECE205F}.Debug|x86.Build.0 = Debug|Win32
		{22D65404-3842-48CD-BCA3-FABACECE205F}.Release|x64.ActiveCfg = Release|x64
		{22D65404-3842-48CD-BCA3-FABACECE205F}.Release|x64.Build.0 = Release|x64
		{22D65404-3842-48CD-BCA3-FABACECE205F}.Release|x86.ActiveCfg = Release|Win32
		{22D65404-3842-48CD-BCA3-FABACECE205F}.Release|x86.Build.0 = Release|Win32
		{78E9C712-3A19-4402-A9F6-50A621258682}.Debug|x64.ActiveCfg = Debug|x64
		{78E9C712-3A19-4402-A9F6-50A621258682}.Debug|x64.Build.0 = Debug|x64
		{78E9C712-3A19-4402-A9F6-50A621258682}.Debug|x86.ActiveCfg = Debug|Win32
		{78E9C712-3A19-4402-A9F6-50A621258682}.Debug|x86.Build.0 = Debug|Win32
		{78E9C712-3A19-4402-A9F6-50A621258682}.Release|x64.ActiveCfg = Release|x64
		{78E9C712-3A19-4402-A9F6-50A621258682}.Release|x64.Build.0 = Release|x64
		{78E9C712-3A19-4402-A9F6-50A621258682}.Release|x86.ActiveCfg = Release|Win32
		{78E9C712-3A19-4402-A9F6-50A621258682}.Release|x86.Build.0 = Release|Win32
		{8D608736-D0A2-4D23-BED7-641B87D5F4C1}.Debug|x64.ActiveCfg = Debug|x64
		{8D608736-D0A2-4D23-BED7-641B87D5F4C1}.Debug|x64.Build.0 = Debug|x64
		{8D608736-D0A2-4D23-BED7-641B87D5F4C1}.Debug|x86.ActiveCfg = Debug|Win32
		{8D608736-D0A2-4D23-BED7-641B87D5F4C1}.Debug|x86.Build.0 = Debug|Win32
		{8D608736-D0A2-4D23-BED7-641B87D5F4C1}.Release|x64.ActiveCfg = Release|x64
		{8D608736-D0A2-4D23-BED7-641B87D5F4C1}.Release|x64.Build.0 = Release|x64
		{8D608736-D0A2-4D23-BED7-641B87D5F4C1}.Release|x86.ActiveCfg = Release|Win32
		{8D608736-D0A2-4D23-BED7-641B87D5F4C1}.Release|x86.Build.0 = Release|Win32
		{E36C456D-0161-426E-B305-E119C40B480F}.Debug|x64.ActiveCfg = Debug|x64
		{E36C456D-0161-426E-B305-E119C40B480F}.Debug|x64.Build.0 = Debug|x64
		{E36C456D-0161-426E-B305-E119C40B480F}.Debug|x86.ActiveCfg = Debug|Win32
		{E36C456D-0161-426E-B305-E119C40B480F}.Debug|x86.Build.0 = Debug|Win32
		{E36C456D-0161-426E-B305-E119C40B480F}.Release|x64.ActiveCfg = Release|x64
		{E36C456D-0161-426E-B305-E119C40B480F}.Release|x64.Build.0 = Release|x64
		{E36C456D-0161-426E-B305-E119C40B480F}.Release|x86.ActiveCfg = Release|Win32
		{E36C456D-0161-426E-B305-E119C40B480F}.Release|x86.Build.0 = Release|Win32
		{AFD873F0-6742-40CC-A371-FFB188BC1AC1}.Debug|x64.ActiveCfg = Debug|x64
		{AFD873F0-6742-40CC-A371-FFB188BC1AC1}.Debug|x64.Build.0 = Debug|x64
		{AFD873F0-6742-40CC-A371-FFB188BC1AC1}.Debug|x86.ActiveCfg = Debug|Win32
		{AFD873F0-6742-40CC-A371-FFB188BC1AC1}.Debug|x86.Build.0 = Debug|Win32
		{AFD873F0-6742-40CC-A371-FFB188BC1AC1}.Release|x64.ActiveCfg = Release|x64
		{AFD873F0-6742-40CC-A371-FFB188BC1AC1}.Release|x64.Build.0 = Release|x64
		{AFD873F0-6742-40CC-A371-FFB188BC1AC1}.Release|x86.ActiveCfg = Release|Win32
		{AFD873F0-6742-40CC-A371-FFB188BC1AC1}.Release|x86.Build.0 = Release|Win32
		{6A292A04-DE61-425A-832A-81BAD9E73C6C}.Debug|x64.ActiveCfg = Debug|x64
		{6A292A04-DE61-425A-832A-81BAD9E73C6C}.Debug|x64.Build.0 = Debug|x64
		{6A292A04-DE61-425A-832A-81BAD9E73C6C}.Debug|x86.ActiveCfg = Debug|Win32
		{6A292A04-DE61-425A-832A-81BAD9E73C6C}.Debug|x86.Build.0 = Debug|Win32
		{6A292A04-DE61-425A-832A-81BAD9E73C6C}.Release|x64.ActiveCfg = Release|x64
		{6A292A04-DE61-425A-832A-81BAD9E73C6C}.Release|x64.Build.0 = Release|x64
		{6A292A04-DE61-425A-832A-81BAD9E73C6C}.Release|x86.ActiveCfg = Release|Win32
		{6A292A04-DE61-425A-832A-81BAD9E73C6C}.Release|x86.Build.0 = Release|Win32
		{2E2C2276-BEE7-4C17-9A9F-7B7D1426CE9C}.Debug|x64.ActiveCfg = Debug|x64
		{2E2C2276-BEE7-4C17-9A9F-7B7D1426CE9C}.Debug|x64.Build.0 = Debug|x64
		{2E2C2276-BEE7-4C17-9A9F-7B7D1426CE9C}.Debug|x86.ActiveCfg = Debug|Win32
		{2E2C2276-BEE7-4C17-9A9F-7B7D1426CE9C}.Debug|x86.Build.0 = Debug|Win32
		{2E2C2276-BEE7-4C17-9A9F-7B7D1426CE9C}.Release|x64.ActiveCfg = Release|x64
		{2E2C2276-BEE7-4C17-9A9F-7B7D1426CE9C}.Release|x64.Build.0 = Release|x64
		{2E2C2276-BEE7-4C17-9A9F-7B7D1426CE9C}.Release|x86.ActiveCfg = Release|Win32
		{2E2C2276-BEE7-4C17-9A9F-7B7D1426CE9C}.Release|x86.Build.0 = Release|Win32
		{0DF2DE5C-951E-458B-B8C3-137B7FF0D43F}.Debug|x64.ActiveCfg = Debug|x64
		{0DF2DE5C-951E-458B-B8C3-137B7FF0D43F}.Debug|x64.Build.0 = Debug|x64
		{0DF2DE5C-951E-458B-B8C3-137B7FF0D43F}.Debug|x86.ActiveCfg = Debug|Win32
		{0DF2DE5C-951E-458B-B8C3-137B7FF0D43F}.Debug|x86.Build.0 = Debug|Win32
		{0DF2DE5C-951E-458B-B8C3-137B7FF0D43F}.Release|x64.ActiveCfg = Release|x64
		{0DF2DE5C-951E-458B-B8C3-137B7FF0D43F}.Release|x64.Build.0 = Release|x64
		{0DF2DE5C-951E-458B-B8C3-137B7FF0D43F}.Release|x86.ActiveCfg = Release|Win32
		{0DF2DE5C-951E-458B-B8C3-137B7FF0D43F}.Release|x86.Build.0 = Release|Win32
		{3E767B30-A0A2-4CF1-9BA2-AED9872A0B09}.Debug|x64.ActiveCfg = Debug|x64
		{3E767B30-A0A2-4CF1-9BA2-AED9872A0B09}.Debug|x64.Build.0 = Debug|x64
		{3E767B30-A0A2-4CF1-9BA2-AED9872A0B09}.Debug|x86.ActiveCfg = Debug|x64
		{3E767B30-A0A2-4CF1-9BA2-AED9872A0B09}.Release|x64.ActiveCfg = Release|x64
		{3E767B30-A0A2-4CF1-9BA2-AED9872A0B09}.Release|x64.Build.0 = Release|x64
		{3E767B30-A0A2-4CF1-9BA2-AED9872A0B09}.Release|x86.ActiveCfg = Release|x64
		{9C75E8B9-1EA0-4383-BA46-4DED30D2FA9C}.Debug|x64.ActiveCfg = Debug|x64
		{9C75E8B9-1EA0-4383-BA46-4DED30D2FA9C}.Debug|x64.Build.0 = Debug|x64
		{9C75E8B9-1EA0-4383-BA46-4DED30D2FA9C}.Debug|x86.ActiveCfg = Debug|x64
		{9C75E8B9-1EA0-4383-BA46-4DED30D2FA9C}.Release|x64.ActiveCfg = Release|x64
		{9C75E8B9-1EA0-4383-BA46-4DED30D2FA9C}.Release|x64.Build.0 = Release|x64
		{9C75E8B9-1EA0-4383-BA46-4DED30D2FA9C}.Release|x86.ActiveCfg = Release|x64
		{4E4E04DA-F723-433F-BD30-518DAD37395D}.Debug|x64.ActiveCfg = Debug|x64
		{4E4E04DA-F723-433F-BD30-518DAD37395D}.Debug|x64.Build.0 = Debug|x64
		{4E4E04DA-F723-433F-BD30-518DAD37395D}.Debug|x86.ActiveCfg = Debug|x64
		{4E4E04DA-F723-433F-BD30-518DAD37395D}.Release|x64.ActiveCfg = Release|x64
		{4E4E04DA-F723-433F-BD30-518DAD37395D}.Release|x64.Build.0 = Release|x64
		{4E4E04DA-F723-433F-BD30-518DAD37395D}.Release|x86.ActiveCfg = Release|x64
		{DD48244F-8370-46CA-912E-FC92C85F07E5}.Debug|x64.ActiveCfg = Debug|x64
		{DD48244F-8370-46CA-912E-FC92C85F07E5}.Debug|x64.Build.0 = Debug|x64
		{DD48244F-8370-46CA-912E-FC92C85F07E5}.Debug|x86.ActiveCfg = Debug|x64
		{DD48244F-8370-46CA-912E-FC92C85F07E5}.Release|x64.ActiveCfg = Release|x64
		{DD48244F-8370-46CA-912E-FC92C85F07E5}.Release|x64.Build.0 = Release|x64
		{DD48244F-8370-46CA-912E-FC92C85F07E5}.Release|x86.ActiveCfg = Release|x64
		{AD6E1CE9-9919-46FD-84DF-FFA86B992E55}.Debug|x64.ActiveCfg = Debug|x64
		{AD6E1CE9-9919-46FD-84DF-FFA86B992E55}.Debug|x64.Build.0 = Debug|x64
		{AD6E1CE9-9919-46FD-84DF-FFA86B992E55}.Debug|x86.ActiveCfg = Debug|Win32
		{AD6E1CE9-9919-46FD-84DF-FFA86B992E55}.Debug|x86.Build.0 = Debug|Win32
		{AD6E1CE9-9919-46FD-84DF-FFA86B992E55}.Release|x64.ActiveCfg = Release|x64
		{AD6E1CE9-9919-46FD-84DF-FFA86B992E55}.Release|x64.Build.0 = Release|x64
		{AD6E1CE9-9919-46FD-84DF-FFA86B992E55}.Release|x86.ActiveCfg = Release|Win32
		{AD6E1CE9-9919-46FD-84DF-FFA86B992E55}.Release|x86.Build.0 = Release|Win32
		{DC0760F0-246D-4B14-92A9-47C3986D73E6}.Debug|x64.ActiveCfg = Debug|x64
		{DC0760F0-246D-4B14-92A9-47C3986D73E6}.Debug|x64.Build.0 = Debug|x64
		{DC0760F0-246D-4B14-92A9-47C3986D73E6}.Debug|x86.ActiveCfg = Debug|x64
		{DC0760F0-246D-4B14-92A9-47C3986D73E6}.Release|x64.ActiveCfg = Release|x64
		{DC0760F0-246D-4B14-92A9-47C3986D73E6}.Release|x64.Build.0 = Release|x64
		{DC0760F0-246D-4B14-92A9-47C3986D73E6}.Release|x86.ActiveCfg = Release|x64
		{CA30DC46-2F52-4DA1-8A84-8B1EF1795F80}.Debug|x64.ActiveCfg = Debug|x64
		{CA30DC46-2F52-4DA1-8A84-8B1EF1795F80}.Debug|x64.Build.0 = Debug|x64
		{CA30DC46-2F52-4DA1-8A84-8B1EF1795F80}.Debug|x86.ActiveCfg = Debug|x64
		{CA30DC46-2F52-4DA1-8A84-8B1EF1795F80}.Release|x64.ActiveCfg = Release|x64
		{CA30DC46-2F52-4DA1-8A84-8B1EF1795F80}.Release|x64.Build.0 = Release|x64
		{CA30DC46-2F52-4DA1-8A84-8B1EF1795F80}.Release|x86.ActiveCfg = Release|x64
		{7FAB5DE2-14DA-47F9-90BD-7EA3B3FB5F2E}.Debug|x64.ActiveCfg = Debug|x64
		{7FAB5DE2-14DA-47F9-90BD-7EA3B3FB5F2E}.Debug|x64.Build.0 = Debug|x64
		{7FAB5DE2-14DA-47F9-90BD-7EA3B3FB5F2E}.Debug|x86.ActiveCfg = Debug|x64
		{7FAB5DE2-14DA-47F9-90BD-7EA3B3FB5F2E}.Release|x64.ActiveCfg = Release|x64
		{7FAB5DE2-14DA-47F9-90BD-7EA3B3FB5F2E}.Release|x64.Build.0 = Release|x64
		{7FAB5DE2-14DA-47F9-90BD-7EA3B3FB5F2E}.Release|x86.ActiveCfg = Release|x64
		{C7187DE4-E601-46D5-B0BD-ABCA2E22093A}.Debug|x64.ActiveCfg = Debug|x64
		{C7187DE4-E601-46D5-B0BD-ABCA2E22093A}.Debug|x64.Build.0 = Debug|x64
		{C7187DE4-E601-46D5-B0BD-ABCA2E22093A}.Debug|x86.ActiveCfg = Debug|x64
		{C7187DE4-E601-46D5-B0BD-ABCA2E22093A}.Release|x64.ActiveCfg = Release|x64
		{C7187DE4-E601-46D5-B0BD-ABCA2E22093A}.Release|x64.Build.0 = Release|x64
		{C7187DE4-E601-46D5-B0BD-ABCA2E22093A}.Release|x86.ActiveCfg = Release|x64
		{95835036-A060-42F9-894B-080080AFBBFD}.Debug|x64.ActiveCfg = Debug|x64
		{95835036-A060-42F9-894B-080080AFBBFD}.Debug|x64.Build.0 = Debug|x64
		{95835036-A060-42F9-894B-080080AFBBFD}.Debug|x86.ActiveCfg = Debug|Win32
		{95835036-A060-42F9-894B-080080AFBBFD}.Debug|x86.Build.0 = Debug|Win32
		{95835036-A060-42F9-894B-080080AFBBFD}.Release|x64.ActiveCfg = Release|x64
		{95835036-A060-42F9-894B-080080AFBBFD}.Release|x64.Build.0 = Release|x64
		{95835036-A060-42F9-894B-080080AFBBFD}.Release|x86.ActiveCfg = Release|Win32
		{95835036-A060-42F9-894B-080080AFBBFD}.Release|x86.Build.0 = Release|Win32
		{69440CBA-7CBF-48F6-BF71-03199EB704DB}.Debug|x64.ActiveCfg = Debug|x64
		{69440CBA-7CBF-48F6-BF71-03199EB704DB}.Debug|x64.Build.0 = Debug|x64
		{69440CBA-7CBF-48F6-BF71-03199EB704DB}.Debug|x86.ActiveCfg = Debug|Win32
		{69440CBA-7CBF-48F6-BF71-03199EB704DB}.Debug|x86.Build.0 = Debug|Win32
		{69440CBA-7CBF-48F6-BF71-03199EB704DB}.Release|x64.ActiveCfg = Release|x64
		{69440CBA-7CBF-48F6-BF71-03199EB704DB}.Release|x64.Build.0 = Release|x64
		{69440CBA-7CBF-48F6-BF71-03199EB704DB}.Release|x86.ActiveCfg = Release|Win32
		{69440CBA-7CBF-48F6-BF71-03199EB704DB}.Release|x86.Build.0 = Release|Win32
		{088A75C3-B8E9-41B3-9C8D-D1A787D65BB3}.Debug|x64.ActiveCfg = Debug|x64
		{088A75C3-B8E9-41B3-9C8D-D1A787D65BB3}.Debug|x64.Build.0 = Debug|x64
		{088A75C3-B8E9-41B3-9C8D-D1A787D65BB3}.Debug|x86.ActiveCfg = Debug|Win32
		{088A75C3-B8E9-41B3-9C8D-D1A787D65BB3}.Debug|x86.Build.0 = Debug|Win32
		{088A75C3-B8E9-41B3-9C8D-D1A787D65BB3}.Release|x64.ActiveCfg = Release|x64
		{088A75C3-B8E9-41B3-9C8D-D1A787D65BB3}.Release|x64.Build.0 = Release|x64
		{088A75C3-B8E9-41B3-9C8D-D1A787D65BB3}.Release|x86.ActiveCfg = Release|Win32
		{088A75C3-B8E9-41B3-9C8D-D1A787D65BB3}.Release|x86.Build.0 = Release|Win32
		{42A49171-4409-425B-96E2-A3E961EF7300}.Debug|x64.ActiveCfg = Debug|x64
		{42A49171-4409-425B-96E2-A3E961EF7300}.Debug|x64.Build.0 = Debug|x64
		{42A49171-4409-425B-96E2-A3E961EF7300}.Debug|x86.ActiveCfg = Debug|Win32
		{42A49171-4409-425B-96E2-A3E961EF7300}.Debug|x86.Build.0 = Debug|Win32
		{42A49171-4409-425B-96E2-A3E961EF7300}.Release|x64.ActiveCfg = Release|x64
		{42A49171-4409-425B-96E2-A3E961EF7300}.Release|x64.Build.0 = Release|x64
		{42A49171-4409-425B-96E2-A3E961EF7300}.Release|x86.ActiveCfg = Release|Win32
		{42A49171-4409-425B-96E2-A3E961EF7300}.Release|x86.Build.0 = Release|Win32
		{3F22593B-15EF-44F7-8C7F-072917071C12}.Debug|x64.ActiveCfg = Debug|x64
		{3F22593B-15EF-44F7-8C7F-072917071C12}.Debug|x64.Build.0 = Debug|x64
		{3F22593B-15EF-44F7-8C7F-072917071C12}.Debug|x86.ActiveCfg = Debug|Win32
		{3F22593B-15EF-44F7-8C7F-072917071C12}.Debug|x86.Build.0 = Debug|Win32
		{3F22593B-15EF-44F7-8C7F-072917071C12}.Release|x64.ActiveCfg = Release|x64
		{3F22593B-15EF-44F7-8C7F-072917071C12}.Release|x64.Build.0 = Release|x64
		{3F22593B-15EF-44F7-8C7F-072917071C12}.Release|x86.ActiveCfg = Release|Win32
		{3F22593B-15EF-44F7-8C7F-072917071C12}.Release|x86.Build.0 = Release|Win32
		{B2CF0086-8E0B-4521-A35A-444D8B8C1838}.Debug|x64.ActiveCfg = Debug|x64
		{B2CF0086-8E0B-4521-A35A-444D8B8C1838}.Debug|x64.Build.0 = Debug|x64
		{B2CF0086-8E0B-4521-A35A-444D8B8C1838}.Debug|x86.ActiveCfg = Debug|Win32
		{B2CF0086-8E0B-4521-A35A-444D8B8C1838}.Debug|x86.Build.0 = Debug|Win32
		{B2CF0086-8E0B-4521-A35A-444D8B8C1838}.Release|x64.ActiveCfg = Release|x64
		{B2CF0086-8E0B-4521-A35A-444D8B8C1838}.Release|x64.Build.0 = Release|x64
		{B2CF0086-8E0B-4521-A35A-444D8B8C1838}.Release|x86.ActiveCfg = Release|Win32
		{B2CF0086-8E0B-4521-A35A-444D8B8C1838}.Release|x86.Build.0 = Release|Win32
		{BB24CF96-9284-47A2-8EC6-1F4A85FF851C}.Debug|x64.ActiveCfg = Debug|x64
		{BB24CF96-9284-47A2-8EC6-1F4A85FF851C}.Debug|x64.Build.0 = Debug|x64
		{BB24CF96-9284-47A2-8EC6-1F4A85FF851C}.Debug|x86.ActiveCfg = Debug|x64
		{BB24CF96-9284-47A2-8EC6-1F4A85FF851C}.Release|x64.ActiveCfg = Release|x64
		{BB24CF96-9284-47A2-8EC6-1F4A85FF851C}.Release|x64.Build.0 = Release|x64
		{BB24CF96-9284-47A2-8EC6-1F4A85FF851C}.Release|x86.ActiveCfg = Release|x64
		{5A3D20B2-2721-44D9-A503-59F1F8D436DB}.Debug|x64.ActiveCfg = Debug|x64
		{5A3D20B2-2721-44D9-A503-59F1F8D436DB}.Debug|x64.Build.0 = Debug|x64
		{5A3D20B2-2721-44D9-A503-59F1F8D436DB}.Debug|x86.ActiveCfg = Debug|x64
		{5A3D20B2-2721-44D9-A503-59F1F8D436DB}.Release|x64.ActiveCfg = Release|x64
		{5A3D20B2-2721-44D9-A503-59F1F8D436DB}.Release|x64.Build.0 = Release|x64
		{5A3D20B2-2721-44D9-A503-59F1F8D436DB}.Release|x86.ActiveCfg = Release|x64
		{BC3E162D-6B58-4172-8026-F0D3F15308DC}.Debug|x64.ActiveCfg = Debug|x64
		{BC3E162D-6B58-4172-8026-F0D3F15308DC}.Debug|x64.Build.0 = Debug|x64
		{BC3E162D-6B58-4172-8026-F0D3F15308DC}.Debug|x86.ActiveCfg = Debug|x64
		{BC3E162D-6B58-4172-8026-F0D3F15308DC}.Release|x64.ActiveCfg = Release|x64
		{BC3E162D-6B58-4172-8026-F0D3F15308DC}.Release|x64.Build.0 = Release|x64
		{BC3E162D-6B58-4172-8026-F0D3F15308DC}.Release|x86.ActiveCfg = Release|x64
		{479E926C-CACE-41AA-9930-C89693181533}.Debug|x64.ActiveCfg = Debug|x64
		{479E926C-CACE-41AA-9930-C89693181533}.Debug|x64.Build.0 = Debug|x64
		{479E926C-CACE-41AA-9930-C89693181533}.Debug|x86.ActiveCfg = Debug|x64
		{479E926C-CACE-41AA-9930-C89693181533}.Release|x64.ActiveCfg = Release|x64
		{479E926C-CACE-41AA-9930-C89693181533}.Release|x64.Build.0 = Release|x64
		{479E926C-CACE-41AA-9930-C89693181533}.Release|x86.ActiveCfg = Release|x64
	EndGlobalSection
	GlobalSection(SolutionProperties) = preSolution
		HideSolutionNode = FALSE
	EndGlobalSection
	GlobalSection(NestedProjects) = preSolution
		{02FD3DAC-AA3C-41D8-86FF-8AE05DC5B9F0} = {BBC3837C-5486-4B81-92F4-2ADAE8696667}
		{BA53C378-6655-4971-9882-228D1803A0CD} = {02FD3DAC-AA3C-41D8-86FF-8AE05DC5B9F0}
		{7319CF7B-2B59-4D0D-9025-283362C34242} = {BBC3837C-5486-4B81-92F4-2ADAE8696667}
		{F9FFB1CF-216A-4162-8BC3-5486D7CF6E49} = {7319CF7B-2B59-4D0D-9025-283362C34242}
		{0C5AA70F-C521-45CC-89EB-B9FC5B82370A} = {BBC3837C-5486-4B81-92F4-2ADAE8696667}
		{2DCA5438-73C6-442C-98E0-82078A0CE49B} = {0C5AA70F-C521-45CC-89EB-B9FC5B82370A}
		{694AE413-7EF6-4E09-A6FB-F0DB09C6C958} = {BBC3837C-5486-4B81-92F4-2ADAE8696667}
		{F7C0847C-FB6E-4EEA-9F41-6496E6A9D1D1} = {694AE413-7EF6-4E09-A6FB-F0DB09C6C958}
		{847E94AE-AF96-4A3B-A751-FC11A7D5E0B9} = {694AE413-7EF6-4E09-A6FB-F0DB09C6C958}
		{CE6F28BA-60F6-4E0E-ACA0-D6D96E0B0351} = {BBC3837C-5486-4B81-92F4-2ADAE8696667}
		{02359BC0-0118-4B16-B441-36814F5E71BB} = {94C2BE3E-F051-43B9-9C46-C56D1D2D5B0D}
		{94C2BE3E-F051-43B9-9C46-C56D1D2D5B0D} = {BBC3837C-5486-4B81-92F4-2ADAE8696667}
		{9D888272-7A7A-4696-92CF-4AAD7B154C99} = {CE6F28BA-60F6-4E0E-ACA0-D6D96E0B0351}
		{3EFA4D0E-3D17-4785-AC1A-DA9CE3CD7E2B} = {CE6F28BA-60F6-4E0E-ACA0-D6D96E0B0351}
		{C31908B4-9BAE-4D01-8CA0-EEB093C487C7} = {94C2BE3E-F051-43B9-9C46-C56D1D2D5B0D}
		{4CC9CC64-4526-4233-9BC9-1F8651604DE0} = {B3430C43-00B8-443C-A7C2-DCF639AEADD1}
		{3541CE5D-897E-43DB-8CDB-CA6E865705A5} = {4CC9CC64-4526-4233-9BC9-1F8651604DE0}
		{FF3FE1FF-AC94-4E2C-9C52-FD2318512EE2} = {B3430C43-00B8-443C-A7C2-DCF639AEADD1}
		{22D65404-3842-48CD-BCA3-FABACECE205F} = {FF3FE1FF-AC94-4E2C-9C52-FD2318512EE2}
		{EF9A42B1-29F7-4349-827D-08B3B5D95ECA} = {B3430C43-00B8-443C-A7C2-DCF639AEADD1}
		{78E9C712-3A19-4402-A9F6-50A621258682} = {EF9A42B1-29F7-4349-827D-08B3B5D95ECA}
		{8D608736-D0A2-4D23-BED7-641B87D5F4C1} = {EF9A42B1-29F7-4349-827D-08B3B5D95ECA}
		{3DEBB45B-FF8B-4776-BFF5-D68A48058E79} = {B3430C43-00B8-443C-A7C2-DCF639AEADD1}
		{E36C456D-0161-426E-B305-E119C40B480F} = {3DEBB45B-FF8B-4776-BFF5-D68A48058E79}
		{8C2E78EF-0AF9-4AD6-B1E3-2A3BB7DB2798} = {B3430C43-00B8-443C-A7C2-DCF639AEADD1}
		{AFD873F0-6742-40CC-A371-FFB188BC1AC1} = {8C2E78EF-0AF9-4AD6-B1E3-2A3BB7DB2798}
		{40E3E314-3859-4C01-BCD7-331540F33D08} = {B3430C43-00B8-443C-A7C2-DCF639AEADD1}
		{6A292A04-DE61-425A-832A-81BAD9E73C6C} = {40E3E314-3859-4C01-BCD7-331540F33D08}
		{2E2C2276-BEE7-4C17-9A9F-7B7D1426CE9C} = {40E3E314-3859-4C01-BCD7-331540F33D08}
		{0DF2DE5C-951E-458B-B8C3-137B7FF0D43F} = {40E3E314-3859-4C01-BCD7-331540F33D08}
		{B585C612-C301-4016-ACD5-92A0780520D0} = {5C5F8058-87FE-4819-9109-A071CD239ED0}
		{8DF863BE-C808-40ED-80CD-7389BA811A47} = {5C5F8058-87FE-4819-9109-A071CD239ED0}
		{3E767B30-A0A2-4CF1-9BA2-AED9872A0B09} = {8DF863BE-C808-40ED-80CD-7389BA811A47}
		{9C75E8B9-1EA0-4383-BA46-4DED30D2FA9C} = {B585C612-C301-4016-ACD5-92A0780520D0}
		{4E4E04DA-F723-433F-BD30-518DAD37395D} = {B585C612-C301-4016-ACD5-92A0780520D0}
		{DD48244F-8370-46CA-912E-FC92C85F07E5} = {B585C612-C301-4016-ACD5-92A0780520D0}
		{AD6E1CE9-9919-46FD-84DF-FFA86B992E55} = {B585C612-C301-4016-ACD5-92A0780520D0}
		{DC0760F0-246D-4B14-92A9-47C3986D73E6} = {B585C612-C301-4016-ACD5-92A0780520D0}
		{CA30DC46-2F52-4DA1-8A84-8B1EF1795F80} = {B585C612-C301-4016-ACD5-92A0780520D0}
		{1AF0E1B9-8D38-459C-A58C-8C9C282E955B} = {5C5F8058-87FE-4819-9109-A071CD239ED0}
		{7FAB5DE2-14DA-47F9-90BD-7EA3B3FB5F2E} = {1AF0E1B9-8D38-459C-A58C-8C9C282E955B}
		{6284B257-3B6A-4572-9D8A-BFEE62FFE550} = {5C5F8058-87FE-4819-9109-A071CD239ED0}
		{C7187DE4-E601-46D5-B0BD-ABCA2E22093A} = {6284B257-3B6A-4572-9D8A-BFEE62FFE550}
		{FD5407A3-F41B-41D7-BB31-7CFE5D8743AC} = {508A9370-A16D-4217-B725-00AF4B5EFB64}
		{95835036-A060-42F9-894B-080080AFBBFD} = {FD5407A3-F41B-41D7-BB31-7CFE5D8743AC}
		{CB372ADB-45B3-4153-912E-3D0B5ED4D9C7} = {FD5407A3-F41B-41D7-BB31-7CFE5D8743AC}
		{69440CBA-7CBF-48F6-BF71-03199EB704DB} = {FD5407A3-F41B-41D7-BB31-7CFE5D8743AC}
		{088A75C3-B8E9-41B3-9C8D-D1A787D65BB3} = {FD5407A3-F41B-41D7-BB31-7CFE5D8743AC}
		{42A49171-4409-425B-96E2-A3E961EF7300} = {6284B257-3B6A-4572-9D8A-BFEE62FFE550}
		{2AD07EAA-E968-46AA-86C3-C656C00D42D9} = {5C5F8058-87FE-4819-9109-A071CD239ED0}
		{3F22593B-15EF-44F7-8C7F-072917071C12} = {6284B257-3B6A-4572-9D8A-BFEE62FFE550}
		{B2CF0086-8E0B-4521-A35A-444D8B8C1838} = {6284B257-3B6A-4572-9D8A-BFEE62FFE550}
		{208D3A61-229D-4AC6-82D1-027F2D658FC3} = {5C5F8058-87FE-4819-9109-A071CD239ED0}
		{BB24CF96-9284-47A2-8EC6-1F4A85FF851C} = {208D3A61-229D-4AC6-82D1-027F2D658FC3}
		{5A3D20B2-2721-44D9-A503-59F1F8D436DB} = {208D3A61-229D-4AC6-82D1-027F2D658FC3}
		{22BB22CD-6E6A-46AE-85AE-152CEE78753E} = {5C5F8058-87FE-4819-9109-A071CD239ED0}
		{BC3E162D-6B58-4172-8026-F0D3F15308DC} = {22BB22CD-6E6A-46AE-85AE-152CEE78753E}
		{479E926C-CACE-41AA-9930-C89693181533} = {22BB22CD-6E6A-46AE-85AE-152CEE78753E}
		{85D65ED0-1301-4A36-A391-938C22BC6F81} = {5C5F8058-87FE-4819-9109-A071CD239ED0}
	EndGlobalSection
	GlobalSection(ExtensibilityGlobals) = postSolution
		SolutionGuid = {52DE253B-6715-4A93-BA27-7131973681F9}
	EndGlobalSection
EndGlobal
