
Microsoft Visual Studio Solution File, Format Version 12.00
# Visual Studio Version 16
VisualStudioVersion = 16.0.31129.286
MinimumVisualStudioVersion = 10.0.40219.1
Project("{2150E333-8FDC-42A3-9474-1A3956D46DE8}") = "Lecture2", "Lecture2", "{02FD3DAC-AA3C-41D8-86FF-8AE05DC5B9F0}"
EndProject
Project("{2150E333-8FDC-42A3-9474-1A3956D46DE8}") = "Biginner", "Biginner", "{BBC3837C-5486-4B81-92F4-2ADAE8696667}"
EndProject
Project("{2150E333-8FDC-42A3-9474-1A3956D46DE8}") = "Intermediate", "Intermediate", "{B3430C43-00B8-443C-A7C2-DCF639AEADD1}"
EndProject
Project("{8BC9CEB8-8B4A-11D0-8D11-00A0C91BC942}") = "HelloCUDA", "VS2019\Beginner_Class\Lecture2\HelloCUDA\HelloCUDA.vcxproj", "{BA53C378-6655-4971-9882-228D1803A0CD}"
EndProject
Global
	GlobalSection(SolutionConfigurationPlatforms) = preSolution
		Debug|x64 = Debug|x64
		Release|x64 = Release|x64
	EndGlobalSection
	GlobalSection(ProjectConfigurationPlatforms) = postSolution
		{BA53C378-6655-4971-9882-228D1803A0CD}.Debug|x64.ActiveCfg = Debug|x64
		{BA53C378-6655-4971-9882-228D1803A0CD}.Debug|x64.Build.0 = Debug|x64
		{BA53C378-6655-4971-9882-228D1803A0CD}.Release|x64.ActiveCfg = Release|x64
		{BA53C378-6655-4971-9882-228D1803A0CD}.Release|x64.Build.0 = Release|x64
	EndGlobalSection
	GlobalSection(SolutionProperties) = preSolution
		HideSolutionNode = FALSE
	EndGlobalSection
	GlobalSection(NestedProjects) = preSolution
		{02FD3DAC-AA3C-41D8-86FF-8AE05DC5B9F0} = {BBC3837C-5486-4B81-92F4-2ADAE8696667}
		{BA53C378-6655-4971-9882-228D1803A0CD} = {02FD3DAC-AA3C-41D8-86FF-8AE05DC5B9F0}
	EndGlobalSection
	GlobalSection(ExtensibilityGlobals) = postSolution
		SolutionGuid = {52DE253B-6715-4A93-BA27-7131973681F9}
	EndGlobalSection
EndGlobal
